// !$*UTF8*$!
{
	archiveVersion = 1;
	classes = {
	};
	objectVersion = 56;
	objects = {

/* Begin PBXBuildFile section */
		C4341B6529FB4D870054D6F8 /* DataManager.swift in Sources */ = {isa = PBXBuildFile; fileRef = C4341B6429FB4D870054D6F8 /* DataManager.swift */; };
		C4341B6729FB59EB0054D6F8 /* DetailResultListViewController.swift in Sources */ = {isa = PBXBuildFile; fileRef = C4341B6629FB59EB0054D6F8 /* DetailResultListViewController.swift */; };
		C4B9F13029F82F6B00BF3A4E /* AppDelegate.swift in Sources */ = {isa = PBXBuildFile; fileRef = C4B9F12F29F82F6B00BF3A4E /* AppDelegate.swift */; };
		C4B9F13229F82F6B00BF3A4E /* SceneDelegate.swift in Sources */ = {isa = PBXBuildFile; fileRef = C4B9F13129F82F6B00BF3A4E /* SceneDelegate.swift */; };
		C4B9F13729F82F6B00BF3A4E /* Main.storyboard in Resources */ = {isa = PBXBuildFile; fileRef = C4B9F13529F82F6B00BF3A4E /* Main.storyboard */; };
		C4B9F13929F82F6E00BF3A4E /* Assets.xcassets in Resources */ = {isa = PBXBuildFile; fileRef = C4B9F13829F82F6E00BF3A4E /* Assets.xcassets */; };
		C4B9F13C29F82F6E00BF3A4E /* LaunchScreen.storyboard in Resources */ = {isa = PBXBuildFile; fileRef = C4B9F13A29F82F6E00BF3A4E /* LaunchScreen.storyboard */; };
		C4B9F14B29F93ED800BF3A4E /* NumberMemoryEasyViewController.swift in Sources */ = {isa = PBXBuildFile; fileRef = C4B9F14A29F93ED800BF3A4E /* NumberMemoryEasyViewController.swift */; };
		C4F7462829F9CD3F00EF0BBC /* CustomTextField.swift in Sources */ = {isa = PBXBuildFile; fileRef = C4F7462729F9CD3F00EF0BBC /* CustomTextField.swift */; };
		C4F7462A29FAB81D00EF0BBC /* NumberMemoryTabBarController.swift in Sources */ = {isa = PBXBuildFile; fileRef = C4F7462929FAB81D00EF0BBC /* NumberMemoryTabBarController.swift */; };
		C4F7462C29FAB86800EF0BBC /* NumberMemoryMediumViewController.swift in Sources */ = {isa = PBXBuildFile; fileRef = C4F7462B29FAB86800EF0BBC /* NumberMemoryMediumViewController.swift */; };
		C4F7462E29FAB87F00EF0BBC /* NumberMemoryHardViewController.swift in Sources */ = {isa = PBXBuildFile; fileRef = C4F7462D29FAB87F00EF0BBC /* NumberMemoryHardViewController.swift */; };
		C4F7463029FAB89700EF0BBC /* NumberMemoryExtremeViewController.swift in Sources */ = {isa = PBXBuildFile; fileRef = C4F7462F29FAB89700EF0BBC /* NumberMemoryExtremeViewController.swift */; };
		C4F7463429FADD1D00EF0BBC /* PictureMemory4x4ViewController.swift in Sources */ = {isa = PBXBuildFile; fileRef = C4F7463329FADD1D00EF0BBC /* PictureMemory4x4ViewController.swift */; };
		C4F7463629FADD3000EF0BBC /* PictureMemory6x6ViewController.swift in Sources */ = {isa = PBXBuildFile; fileRef = C4F7463529FADD3000EF0BBC /* PictureMemory6x6ViewController.swift */; };
		C4F7463829FADD6300EF0BBC /* PictureMemoryTabBarController.swift in Sources */ = {isa = PBXBuildFile; fileRef = C4F7463729FADD6300EF0BBC /* PictureMemoryTabBarController.swift */; };
		C4F7463B29FB254900EF0BBC /* ResultListViewController.swift in Sources */ = {isa = PBXBuildFile; fileRef = C4F7463A29FB254900EF0BBC /* ResultListViewController.swift */; };
		C4F7463E29FB257B00EF0BBC /* Game.swift in Sources */ = {isa = PBXBuildFile; fileRef = C4F7463D29FB257B00EF0BBC /* Game.swift */; };
		C644F31E29FC3560007734F0 /* Quiz.storyboard in Resources */ = {isa = PBXBuildFile; fileRef = C644F31D29FC3560007734F0 /* Quiz.storyboard */; };
		C644F32129FC3698007734F0 /* StartViewController.swift in Sources */ = {isa = PBXBuildFile; fileRef = C644F32029FC3698007734F0 /* StartViewController.swift */; };
		C644F32329FC36BA007734F0 /* QuestionViewController.swift in Sources */ = {isa = PBXBuildFile; fileRef = C644F32229FC36BA007734F0 /* QuestionViewController.swift */; };
		C644F32529FC36D8007734F0 /* ResultViewController.swift in Sources */ = {isa = PBXBuildFile; fileRef = C644F32429FC36D8007734F0 /* ResultViewController.swift */; };
		C644F32729FC3701007734F0 /* Question.swift in Sources */ = {isa = PBXBuildFile; fileRef = C644F32629FC3701007734F0 /* Question.swift */; };
		C644F32929FC3750007734F0 /* Answer.swift in Sources */ = {isa = PBXBuildFile; fileRef = C644F32829FC3750007734F0 /* Answer.swift */; };
/* End PBXBuildFile section */

/* Begin PBXFileReference section */
		C4341B6429FB4D870054D6F8 /* DataManager.swift */ = {isa = PBXFileReference; lastKnownFileType = sourcecode.swift; path = DataManager.swift; sourceTree = "<group>"; };
		C4341B6629FB59EB0054D6F8 /* DetailResultListViewController.swift */ = {isa = PBXFileReference; lastKnownFileType = sourcecode.swift; path = DetailResultListViewController.swift; sourceTree = "<group>"; };
		C4B9F12C29F82F6B00BF3A4E /* BrainBooster.app */ = {isa = PBXFileReference; explicitFileType = wrapper.application; includeInIndex = 0; path = BrainBooster.app; sourceTree = BUILT_PRODUCTS_DIR; };
		C4B9F12F29F82F6B00BF3A4E /* AppDelegate.swift */ = {isa = PBXFileReference; lastKnownFileType = sourcecode.swift; path = AppDelegate.swift; sourceTree = "<group>"; };
		C4B9F13129F82F6B00BF3A4E /* SceneDelegate.swift */ = {isa = PBXFileReference; lastKnownFileType = sourcecode.swift; path = SceneDelegate.swift; sourceTree = "<group>"; };
		C4B9F13629F82F6B00BF3A4E /* Base */ = {isa = PBXFileReference; lastKnownFileType = file.storyboard; name = Base; path = Base.lproj/Main.storyboard; sourceTree = "<group>"; };
		C4B9F13829F82F6E00BF3A4E /* Assets.xcassets */ = {isa = PBXFileReference; lastKnownFileType = folder.assetcatalog; path = Assets.xcassets; sourceTree = "<group>"; };
		C4B9F13B29F82F6E00BF3A4E /* Base */ = {isa = PBXFileReference; lastKnownFileType = file.storyboard; name = Base; path = Base.lproj/LaunchScreen.storyboard; sourceTree = "<group>"; };
		C4B9F13D29F82F6E00BF3A4E /* Info.plist */ = {isa = PBXFileReference; lastKnownFileType = text.plist.xml; path = Info.plist; sourceTree = "<group>"; };
		C4B9F14A29F93ED800BF3A4E /* NumberMemoryEasyViewController.swift */ = {isa = PBXFileReference; lastKnownFileType = sourcecode.swift; path = NumberMemoryEasyViewController.swift; sourceTree = "<group>"; };
		C4F7462729F9CD3F00EF0BBC /* CustomTextField.swift */ = {isa = PBXFileReference; lastKnownFileType = sourcecode.swift; path = CustomTextField.swift; sourceTree = "<group>"; };
		C4F7462929FAB81D00EF0BBC /* NumberMemoryTabBarController.swift */ = {isa = PBXFileReference; lastKnownFileType = sourcecode.swift; path = NumberMemoryTabBarController.swift; sourceTree = "<group>"; };
		C4F7462B29FAB86800EF0BBC /* NumberMemoryMediumViewController.swift */ = {isa = PBXFileReference; lastKnownFileType = sourcecode.swift; path = NumberMemoryMediumViewController.swift; sourceTree = "<group>"; };
		C4F7462D29FAB87F00EF0BBC /* NumberMemoryHardViewController.swift */ = {isa = PBXFileReference; lastKnownFileType = sourcecode.swift; path = NumberMemoryHardViewController.swift; sourceTree = "<group>"; };
		C4F7462F29FAB89700EF0BBC /* NumberMemoryExtremeViewController.swift */ = {isa = PBXFileReference; lastKnownFileType = sourcecode.swift; path = NumberMemoryExtremeViewController.swift; sourceTree = "<group>"; };
		C4F7463329FADD1D00EF0BBC /* PictureMemory4x4ViewController.swift */ = {isa = PBXFileReference; lastKnownFileType = sourcecode.swift; path = PictureMemory4x4ViewController.swift; sourceTree = "<group>"; };
		C4F7463529FADD3000EF0BBC /* PictureMemory6x6ViewController.swift */ = {isa = PBXFileReference; lastKnownFileType = sourcecode.swift; path = PictureMemory6x6ViewController.swift; sourceTree = "<group>"; };
		C4F7463729FADD6300EF0BBC /* PictureMemoryTabBarController.swift */ = {isa = PBXFileReference; lastKnownFileType = sourcecode.swift; path = PictureMemoryTabBarController.swift; sourceTree = "<group>"; };
		C4F7463A29FB254900EF0BBC /* ResultListViewController.swift */ = {isa = PBXFileReference; lastKnownFileType = sourcecode.swift; path = ResultListViewController.swift; sourceTree = "<group>"; };
		C4F7463D29FB257B00EF0BBC /* Game.swift */ = {isa = PBXFileReference; lastKnownFileType = sourcecode.swift; path = Game.swift; sourceTree = "<group>"; };
		C644F31D29FC3560007734F0 /* Quiz.storyboard */ = {isa = PBXFileReference; lastKnownFileType = file.storyboard; path = Quiz.storyboard; sourceTree = "<group>"; };
		C644F32029FC3698007734F0 /* StartViewController.swift */ = {isa = PBXFileReference; lastKnownFileType = sourcecode.swift; path = StartViewController.swift; sourceTree = "<group>"; };
		C644F32229FC36BA007734F0 /* QuestionViewController.swift */ = {isa = PBXFileReference; lastKnownFileType = sourcecode.swift; path = QuestionViewController.swift; sourceTree = "<group>"; };
		C644F32429FC36D8007734F0 /* ResultViewController.swift */ = {isa = PBXFileReference; lastKnownFileType = sourcecode.swift; path = ResultViewController.swift; sourceTree = "<group>"; };
		C644F32629FC3701007734F0 /* Question.swift */ = {isa = PBXFileReference; lastKnownFileType = sourcecode.swift; path = Question.swift; sourceTree = "<group>"; };
		C644F32829FC3750007734F0 /* Answer.swift */ = {isa = PBXFileReference; lastKnownFileType = sourcecode.swift; path = Answer.swift; sourceTree = "<group>"; };
/* End PBXFileReference section */

/* Begin PBXFrameworksBuildPhase section */
		C4B9F12929F82F6B00BF3A4E /* Frameworks */ = {
			isa = PBXFrameworksBuildPhase;
			buildActionMask = 2147483647;
			files = (
			);
			runOnlyForDeploymentPostprocessing = 0;
		};
/* End PBXFrameworksBuildPhase section */

/* Begin PBXGroup section */
		C4341B6829FC1EA30054D6F8 /* Services */ = {
			isa = PBXGroup;
			children = (
				C4341B6429FB4D870054D6F8 /* DataManager.swift */,
				C644F32829FC3750007734F0 /* Answer.swift */,
			);
			path = Services;
			sourceTree = "<group>";
		};
		C4B9F12329F82F6B00BF3A4E = {
			isa = PBXGroup;
			children = (
				C4B9F12E29F82F6B00BF3A4E /* BrainBooster */,
				C4B9F12D29F82F6B00BF3A4E /* Products */,
			);
			sourceTree = "<group>";
		};
		C4B9F12D29F82F6B00BF3A4E /* Products */ = {
			isa = PBXGroup;
			children = (
				C4B9F12C29F82F6B00BF3A4E /* BrainBooster.app */,
			);
			name = Products;
			sourceTree = "<group>";
		};
		C4B9F12E29F82F6B00BF3A4E /* BrainBooster */ = {
			isa = PBXGroup;
			children = (
				C4F7463C29FB255500EF0BBC /* Models */,
				C4B9F14829F91E4200BF3A4E /* ViewControllers */,
				C4B9F14729F91D4500BF3A4E /* Storyboards */,
				C4F7462629F9CCE100EF0BBC /* CustomViews */,
				C4341B6829FC1EA30054D6F8 /* Services */,
				C4B9F14529F91CE000BF3A4E /* App */,
				C4B9F14629F91D1800BF3A4E /* Resources */,
			);
			path = BrainBooster;
			sourceTree = "<group>";
		};
		C4B9F14529F91CE000BF3A4E /* App */ = {
			isa = PBXGroup;
			children = (
				C4B9F12F29F82F6B00BF3A4E /* AppDelegate.swift */,
				C4B9F13129F82F6B00BF3A4E /* SceneDelegate.swift */,
				C4B9F13D29F82F6E00BF3A4E /* Info.plist */,
			);
			path = App;
			sourceTree = "<group>";
		};
		C4B9F14629F91D1800BF3A4E /* Resources */ = {
			isa = PBXGroup;
			children = (
				C4B9F13829F82F6E00BF3A4E /* Assets.xcassets */,
			);
			path = Resources;
			sourceTree = "<group>";
		};
		C4B9F14729F91D4500BF3A4E /* Storyboards */ = {
			isa = PBXGroup;
			children = (
				C4B9F13529F82F6B00BF3A4E /* Main.storyboard */,
				C4B9F13A29F82F6E00BF3A4E /* LaunchScreen.storyboard */,
				C644F31D29FC3560007734F0 /* Quiz.storyboard */,
			);
			path = Storyboards;
			sourceTree = "<group>";
		};
		C4B9F14829F91E4200BF3A4E /* ViewControllers */ = {
			isa = PBXGroup;
			children = (
				C4B9F14929F93DC600BF3A4E /* NumberMemoryViewControllers */,
				C4F7463229FADCEF00EF0BBC /* PictureMemoryViewControllers */,
				C4F7463929FB23A100EF0BBC /* ResultsViewControllers */,
				C644F31F29FC3675007734F0 /* Quiz */,
			);
			path = ViewControllers;
			sourceTree = "<group>";
		};
		C4B9F14929F93DC600BF3A4E /* NumberMemoryViewControllers */ = {
			isa = PBXGroup;
			children = (
				C4F7462929FAB81D00EF0BBC /* NumberMemoryTabBarController.swift */,
				C4B9F14A29F93ED800BF3A4E /* NumberMemoryEasyViewController.swift */,
				C4F7462B29FAB86800EF0BBC /* NumberMemoryMediumViewController.swift */,
				C4F7462D29FAB87F00EF0BBC /* NumberMemoryHardViewController.swift */,
				C4F7462F29FAB89700EF0BBC /* NumberMemoryExtremeViewController.swift */,
			);
			path = NumberMemoryViewControllers;
			sourceTree = "<group>";
		};
		C4F7462629F9CCE100EF0BBC /* CustomViews */ = {
			isa = PBXGroup;
			children = (
				C4F7462729F9CD3F00EF0BBC /* CustomTextField.swift */,
			);
			path = CustomViews;
			sourceTree = "<group>";
		};
		C4F7463229FADCEF00EF0BBC /* PictureMemoryViewControllers */ = {
			isa = PBXGroup;
			children = (
				C4F7463729FADD6300EF0BBC /* PictureMemoryTabBarController.swift */,
				C4F7463329FADD1D00EF0BBC /* PictureMemory4x4ViewController.swift */,
				C4F7463529FADD3000EF0BBC /* PictureMemory6x6ViewController.swift */,
			);
			path = PictureMemoryViewControllers;
			sourceTree = "<group>";
		};
		C4F7463929FB23A100EF0BBC /* ResultsViewControllers */ = {
			isa = PBXGroup;
			children = (
				C4F7463A29FB254900EF0BBC /* ResultListViewController.swift */,
				C4341B6629FB59EB0054D6F8 /* DetailResultListViewController.swift */,
			);
			path = ResultsViewControllers;
			sourceTree = "<group>";
		};
		C4F7463C29FB255500EF0BBC /* Models */ = {
			isa = PBXGroup;
			children = (
				C4F7463D29FB257B00EF0BBC /* Game.swift */,
				C644F32629FC3701007734F0 /* Question.swift */,
			);
			path = Models;
			sourceTree = "<group>";
		};
		C644F31F29FC3675007734F0 /* Quiz */ = {
			isa = PBXGroup;
			children = (
				C644F32029FC3698007734F0 /* StartViewController.swift */,
				C644F32229FC36BA007734F0 /* QuestionViewController.swift */,
				C644F32429FC36D8007734F0 /* ResultViewController.swift */,
			);
			path = Quiz;
			sourceTree = "<group>";
		};
/* End PBXGroup section */

/* Begin PBXNativeTarget section */
		C4B9F12B29F82F6B00BF3A4E /* BrainBooster */ = {
			isa = PBXNativeTarget;
			buildConfigurationList = C4B9F14029F82F6E00BF3A4E /* Build configuration list for PBXNativeTarget "BrainBooster" */;
			buildPhases = (
				C4B9F12829F82F6B00BF3A4E /* Sources */,
				C4B9F12929F82F6B00BF3A4E /* Frameworks */,
				C4B9F12A29F82F6B00BF3A4E /* Resources */,
			);
			buildRules = (
			);
			dependencies = (
			);
			name = BrainBooster;
			productName = BrainBooster;
			productReference = C4B9F12C29F82F6B00BF3A4E /* BrainBooster.app */;
			productType = "com.apple.product-type.application";
		};
/* End PBXNativeTarget section */

/* Begin PBXProject section */
		C4B9F12429F82F6B00BF3A4E /* Project object */ = {
			isa = PBXProject;
			attributes = {
				BuildIndependentTargetsInParallel = 1;
				LastSwiftUpdateCheck = 1430;
				LastUpgradeCheck = 1430;
				TargetAttributes = {
					C4B9F12B29F82F6B00BF3A4E = {
						CreatedOnToolsVersion = 14.3;
					};
				};
			};
			buildConfigurationList = C4B9F12729F82F6B00BF3A4E /* Build configuration list for PBXProject "BrainBooster" */;
			compatibilityVersion = "Xcode 14.0";
			developmentRegion = en;
			hasScannedForEncodings = 0;
			knownRegions = (
				en,
				Base,
			);
			mainGroup = C4B9F12329F82F6B00BF3A4E;
			productRefGroup = C4B9F12D29F82F6B00BF3A4E /* Products */;
			projectDirPath = "";
			projectRoot = "";
			targets = (
				C4B9F12B29F82F6B00BF3A4E /* BrainBooster */,
			);
		};
/* End PBXProject section */

/* Begin PBXResourcesBuildPhase section */
		C4B9F12A29F82F6B00BF3A4E /* Resources */ = {
			isa = PBXResourcesBuildPhase;
			buildActionMask = 2147483647;
			files = (
				C4B9F13C29F82F6E00BF3A4E /* LaunchScreen.storyboard in Resources */,
				C4B9F13929F82F6E00BF3A4E /* Assets.xcassets in Resources */,
				C4B9F13729F82F6B00BF3A4E /* Main.storyboard in Resources */,
				C644F31E29FC3560007734F0 /* Quiz.storyboard in Resources */,
			);
			runOnlyForDeploymentPostprocessing = 0;
		};
/* End PBXResourcesBuildPhase section */

/* Begin PBXSourcesBuildPhase section */
		C4B9F12829F82F6B00BF3A4E /* Sources */ = {
			isa = PBXSourcesBuildPhase;
			buildActionMask = 2147483647;
			files = (
				C4F7462829F9CD3F00EF0BBC /* CustomTextField.swift in Sources */,
				C644F32129FC3698007734F0 /* StartViewController.swift in Sources */,
				C4F7463429FADD1D00EF0BBC /* PictureMemory4x4ViewController.swift in Sources */,
				C4B9F13029F82F6B00BF3A4E /* AppDelegate.swift in Sources */,
				C4F7463E29FB257B00EF0BBC /* Game.swift in Sources */,
				C4F7463B29FB254900EF0BBC /* ResultListViewController.swift in Sources */,
				C4F7462A29FAB81D00EF0BBC /* NumberMemoryTabBarController.swift in Sources */,
				C644F32929FC3750007734F0 /* Answer.swift in Sources */,
				C4F7462C29FAB86800EF0BBC /* NumberMemoryMediumViewController.swift in Sources */,
				C644F32329FC36BA007734F0 /* QuestionViewController.swift in Sources */,
				C4B9F13229F82F6B00BF3A4E /* SceneDelegate.swift in Sources */,
				C4F7463029FAB89700EF0BBC /* NumberMemoryExtremeViewController.swift in Sources */,
				C4F7462E29FAB87F00EF0BBC /* NumberMemoryHardViewController.swift in Sources */,
				C4F7463829FADD6300EF0BBC /* PictureMemoryTabBarController.swift in Sources */,
				C644F32729FC3701007734F0 /* Question.swift in Sources */,
				C4B9F14B29F93ED800BF3A4E /* NumberMemoryEasyViewController.swift in Sources */,
				C4341B6529FB4D870054D6F8 /* DataManager.swift in Sources */,
				C4F7463629FADD3000EF0BBC /* PictureMemory6x6ViewController.swift in Sources */,
				C4341B6729FB59EB0054D6F8 /* DetailResultListViewController.swift in Sources */,
				C644F32529FC36D8007734F0 /* ResultViewController.swift in Sources */,
			);
			runOnlyForDeploymentPostprocessing = 0;
		};
/* End PBXSourcesBuildPhase section */

/* Begin PBXVariantGroup section */
		C4B9F13529F82F6B00BF3A4E /* Main.storyboard */ = {
			isa = PBXVariantGroup;
			children = (
				C4B9F13629F82F6B00BF3A4E /* Base */,
			);
			name = Main.storyboard;
			sourceTree = "<group>";
		};
		C4B9F13A29F82F6E00BF3A4E /* LaunchScreen.storyboard */ = {
			isa = PBXVariantGroup;
			children = (
				C4B9F13B29F82F6E00BF3A4E /* Base */,
			);
			name = LaunchScreen.storyboard;
			sourceTree = "<group>";
		};
/* End PBXVariantGroup section */

/* Begin XCBuildConfiguration section */
		C4B9F13E29F82F6E00BF3A4E /* Debug */ = {
			isa = XCBuildConfiguration;
			buildSettings = {
				ALWAYS_SEARCH_USER_PATHS = NO;
				CLANG_ANALYZER_NONNULL = YES;
				CLANG_ANALYZER_NUMBER_OBJECT_CONVERSION = YES_AGGRESSIVE;
				CLANG_CXX_LANGUAGE_STANDARD = "gnu++20";
				CLANG_ENABLE_MODULES = YES;
				CLANG_ENABLE_OBJC_ARC = YES;
				CLANG_ENABLE_OBJC_WEAK = YES;
				CLANG_WARN_BLOCK_CAPTURE_AUTORELEASING = YES;
				CLANG_WARN_BOOL_CONVERSION = YES;
				CLANG_WARN_COMMA = YES;
				CLANG_WARN_CONSTANT_CONVERSION = YES;
				CLANG_WARN_DEPRECATED_OBJC_IMPLEMENTATIONS = YES;
				CLANG_WARN_DIRECT_OBJC_ISA_USAGE = YES_ERROR;
				CLANG_WARN_DOCUMENTATION_COMMENTS = YES;
				CLANG_WARN_EMPTY_BODY = YES;
				CLANG_WARN_ENUM_CONVERSION = YES;
				CLANG_WARN_INFINITE_RECURSION = YES;
				CLANG_WARN_INT_CONVERSION = YES;
				CLANG_WARN_NON_LITERAL_NULL_CONVERSION = YES;
				CLANG_WARN_OBJC_IMPLICIT_RETAIN_SELF = YES;
				CLANG_WARN_OBJC_LITERAL_CONVERSION = YES;
				CLANG_WARN_OBJC_ROOT_CLASS = YES_ERROR;
				CLANG_WARN_QUOTED_INCLUDE_IN_FRAMEWORK_HEADER = YES;
				CLANG_WARN_RANGE_LOOP_ANALYSIS = YES;
				CLANG_WARN_STRICT_PROTOTYPES = YES;
				CLANG_WARN_SUSPICIOUS_MOVE = YES;
				CLANG_WARN_UNGUARDED_AVAILABILITY = YES_AGGRESSIVE;
				CLANG_WARN_UNREACHABLE_CODE = YES;
				CLANG_WARN__DUPLICATE_METHOD_MATCH = YES;
				COPY_PHASE_STRIP = NO;
				DEBUG_INFORMATION_FORMAT = dwarf;
				ENABLE_STRICT_OBJC_MSGSEND = YES;
				ENABLE_TESTABILITY = YES;
				GCC_C_LANGUAGE_STANDARD = gnu11;
				GCC_DYNAMIC_NO_PIC = NO;
				GCC_NO_COMMON_BLOCKS = YES;
				GCC_OPTIMIZATION_LEVEL = 0;
				GCC_PREPROCESSOR_DEFINITIONS = (
					"DEBUG=1",
					"$(inherited)",
				);
				GCC_WARN_64_TO_32_BIT_CONVERSION = YES;
				GCC_WARN_ABOUT_RETURN_TYPE = YES_ERROR;
				GCC_WARN_UNDECLARED_SELECTOR = YES;
				GCC_WARN_UNINITIALIZED_AUTOS = YES_AGGRESSIVE;
				GCC_WARN_UNUSED_FUNCTION = YES;
				GCC_WARN_UNUSED_VARIABLE = YES;
				IPHONEOS_DEPLOYMENT_TARGET = 15.0;
				MTL_ENABLE_DEBUG_INFO = INCLUDE_SOURCE;
				MTL_FAST_MATH = YES;
				ONLY_ACTIVE_ARCH = YES;
				SDKROOT = iphoneos;
				SWIFT_ACTIVE_COMPILATION_CONDITIONS = DEBUG;
				SWIFT_OPTIMIZATION_LEVEL = "-Onone";
			};
			name = Debug;
		};
		C4B9F13F29F82F6E00BF3A4E /* Release */ = {
			isa = XCBuildConfiguration;
			buildSettings = {
				ALWAYS_SEARCH_USER_PATHS = NO;
				CLANG_ANALYZER_NONNULL = YES;
				CLANG_ANALYZER_NUMBER_OBJECT_CONVERSION = YES_AGGRESSIVE;
				CLANG_CXX_LANGUAGE_STANDARD = "gnu++20";
				CLANG_ENABLE_MODULES = YES;
				CLANG_ENABLE_OBJC_ARC = YES;
				CLANG_ENABLE_OBJC_WEAK = YES;
				CLANG_WARN_BLOCK_CAPTURE_AUTORELEASING = YES;
				CLANG_WARN_BOOL_CONVERSION = YES;
				CLANG_WARN_COMMA = YES;
				CLANG_WARN_CONSTANT_CONVERSION = YES;
				CLANG_WARN_DEPRECATED_OBJC_IMPLEMENTATIONS = YES;
				CLANG_WARN_DIRECT_OBJC_ISA_USAGE = YES_ERROR;
				CLANG_WARN_DOCUMENTATION_COMMENTS = YES;
				CLANG_WARN_EMPTY_BODY = YES;
				CLANG_WARN_ENUM_CONVERSION = YES;
				CLANG_WARN_INFINITE_RECURSION = YES;
				CLANG_WARN_INT_CONVERSION = YES;
				CLANG_WARN_NON_LITERAL_NULL_CONVERSION = YES;
				CLANG_WARN_OBJC_IMPLICIT_RETAIN_SELF = YES;
				CLANG_WARN_OBJC_LITERAL_CONVERSION = YES;
				CLANG_WARN_OBJC_ROOT_CLASS = YES_ERROR;
				CLANG_WARN_QUOTED_INCLUDE_IN_FRAMEWORK_HEADER = YES;
				CLANG_WARN_RANGE_LOOP_ANALYSIS = YES;
				CLANG_WARN_STRICT_PROTOTYPES = YES;
				CLANG_WARN_SUSPICIOUS_MOVE = YES;
				CLANG_WARN_UNGUARDED_AVAILABILITY = YES_AGGRESSIVE;
				CLANG_WARN_UNREACHABLE_CODE = YES;
				CLANG_WARN__DUPLICATE_METHOD_MATCH = YES;
				COPY_PHASE_STRIP = NO;
				DEBUG_INFORMATION_FORMAT = "dwarf-with-dsym";
				ENABLE_NS_ASSERTIONS = NO;
				ENABLE_STRICT_OBJC_MSGSEND = YES;
				GCC_C_LANGUAGE_STANDARD = gnu11;
				GCC_NO_COMMON_BLOCKS = YES;
				GCC_WARN_64_TO_32_BIT_CONVERSION = YES;
				GCC_WARN_ABOUT_RETURN_TYPE = YES_ERROR;
				GCC_WARN_UNDECLARED_SELECTOR = YES;
				GCC_WARN_UNINITIALIZED_AUTOS = YES_AGGRESSIVE;
				GCC_WARN_UNUSED_FUNCTION = YES;
				GCC_WARN_UNUSED_VARIABLE = YES;
				IPHONEOS_DEPLOYMENT_TARGET = 15.0;
				MTL_ENABLE_DEBUG_INFO = NO;
				MTL_FAST_MATH = YES;
				SDKROOT = iphoneos;
				SWIFT_COMPILATION_MODE = wholemodule;
				SWIFT_OPTIMIZATION_LEVEL = "-O";
				VALIDATE_PRODUCT = YES;
			};
			name = Release;
		};
		C4B9F14129F82F6E00BF3A4E /* Debug */ = {
			isa = XCBuildConfiguration;
			buildSettings = {
				ASSETCATALOG_COMPILER_APPICON_NAME = AppIcon;
				ASSETCATALOG_COMPILER_GLOBAL_ACCENT_COLOR_NAME = AccentColor;
				CODE_SIGN_STYLE = Automatic;
				CURRENT_PROJECT_VERSION = 1;
				DEVELOPMENT_TEAM = 848LVZR9JB;
				GENERATE_INFOPLIST_FILE = YES;
				INFOPLIST_FILE = BrainBooster/App/Info.plist;
				INFOPLIST_KEY_UIApplicationSupportsIndirectInputEvents = YES;
				INFOPLIST_KEY_UILaunchStoryboardName = LaunchScreen;
				INFOPLIST_KEY_UIMainStoryboardFile = Main;
				INFOPLIST_KEY_UISupportedInterfaceOrientations_iPad = "UIInterfaceOrientationPortrait UIInterfaceOrientationPortraitUpsideDown UIInterfaceOrientationLandscapeLeft UIInterfaceOrientationLandscapeRight";
				INFOPLIST_KEY_UISupportedInterfaceOrientations_iPhone = "UIInterfaceOrientationPortrait UIInterfaceOrientationLandscapeLeft UIInterfaceOrientationLandscapeRight";
				LD_RUNPATH_SEARCH_PATHS = (
					"$(inherited)",
					"@executable_path/Frameworks",
				);
				MARKETING_VERSION = 1.0;
				PRODUCT_BUNDLE_IDENTIFIER = "Iaroslav-Beldin.BrainBooster";
				PRODUCT_NAME = "$(TARGET_NAME)";
				SWIFT_EMIT_LOC_STRINGS = YES;
				SWIFT_VERSION = 5.0;
				TARGETED_DEVICE_FAMILY = "1,2";
			};
			name = Debug;
		};
		C4B9F14229F82F6E00BF3A4E /* Release */ = {
			isa = XCBuildConfiguration;
			buildSettings = {
				ASSETCATALOG_COMPILER_APPICON_NAME = AppIcon;
				ASSETCATALOG_COMPILER_GLOBAL_ACCENT_COLOR_NAME = AccentColor;
				CODE_SIGN_STYLE = Automatic;
				CURRENT_PROJECT_VERSION = 1;
				DEVELOPMENT_TEAM = 848LVZR9JB;
				GENERATE_INFOPLIST_FILE = YES;
				INFOPLIST_FILE = BrainBooster/App/Info.plist;
				INFOPLIST_KEY_UIApplicationSupportsIndirectInputEvents = YES;
				INFOPLIST_KEY_UILaunchStoryboardName = LaunchScreen;
				INFOPLIST_KEY_UIMainStoryboardFile = Main;
				INFOPLIST_KEY_UISupportedInterfaceOrientations_iPad = "UIInterfaceOrientationPortrait UIInterfaceOrientationPortraitUpsideDown UIInterfaceOrientationLandscapeLeft UIInterfaceOrientationLandscapeRight";
				INFOPLIST_KEY_UISupportedInterfaceOrientations_iPhone = "UIInterfaceOrientationPortrait UIInterfaceOrientationLandscapeLeft UIInterfaceOrientationLandscapeRight";
				LD_RUNPATH_SEARCH_PATHS = (
					"$(inherited)",
					"@executable_path/Frameworks",
				);
				MARKETING_VERSION = 1.0;
				PRODUCT_BUNDLE_IDENTIFIER = "Iaroslav-Beldin.BrainBooster";
				PRODUCT_NAME = "$(TARGET_NAME)";
				SWIFT_EMIT_LOC_STRINGS = YES;
				SWIFT_VERSION = 5.0;
				TARGETED_DEVICE_FAMILY = "1,2";
			};
			name = Release;
		};
/* End XCBuildConfiguration section */

/* Begin XCConfigurationList section */
		C4B9F12729F82F6B00BF3A4E /* Build configuration list for PBXProject "BrainBooster" */ = {
			isa = XCConfigurationList;
			buildConfigurations = (
				C4B9F13E29F82F6E00BF3A4E /* Debug */,
				C4B9F13F29F82F6E00BF3A4E /* Release */,
			);
			defaultConfigurationIsVisible = 0;
			defaultConfigurationName = Release;
		};
		C4B9F14029F82F6E00BF3A4E /* Build configuration list for PBXNativeTarget "BrainBooster" */ = {
			isa = XCConfigurationList;
			buildConfigurations = (
				C4B9F14129F82F6E00BF3A4E /* Debug */,
				C4B9F14229F82F6E00BF3A4E /* Release */,
			);
			defaultConfigurationIsVisible = 0;
			defaultConfigurationName = Release;
		};
/* End XCConfigurationList section */
	};
	rootObject = C4B9F12429F82F6B00BF3A4E /* Project object */;
}
